// !$*UTF8*$!
{
	archiveVersion = 1;
	classes = {
	};
	objectVersion = 46;
	objects = {

/* Begin PBXBuildFile section */
		14C4D6AB1EF505F200969989 /* main.m in Sources */ = {isa = PBXBuildFile; fileRef = 14C4D6AA1EF505F200969989 /* main.m */; };
		14C4D6AE1EF505F200969989 /* AppDelegate.m in Sources */ = {isa = PBXBuildFile; fileRef = 14C4D6AD1EF505F200969989 /* AppDelegate.m */; };
		14C4D6B11EF505F200969989 /* ViewController.m in Sources */ = {isa = PBXBuildFile; fileRef = 14C4D6B01EF505F200969989 /* ViewController.m */; };
		14C4D6B41EF505F200969989 /* Main.storyboard in Resources */ = {isa = PBXBuildFile; fileRef = 14C4D6B21EF505F200969989 /* Main.storyboard */; };
		14C4D6B61EF505F200969989 /* Assets.xcassets in Resources */ = {isa = PBXBuildFile; fileRef = 14C4D6B51EF505F200969989 /* Assets.xcassets */; };
		14C4D6B91EF505F200969989 /* LaunchScreen.storyboard in Resources */ = {isa = PBXBuildFile; fileRef = 14C4D6B71EF505F200969989 /* LaunchScreen.storyboard */; };
		14C4D6C21EF5074100969989 /* VCRoot.m in Sources */ = {isa = PBXBuildFile; fileRef = 14C4D6C11EF5074100969989 /* VCRoot.m */; };
/* End PBXBuildFile section */

/* Begin PBXFileReference section */
		14C4D6A61EF505F200969989 /* ProjectManager.app */ = {isa = PBXFileReference; explicitFileType = wrapper.application; includeInIndex = 0; path = ProjectManager.app; sourceTree = BUILT_PRODUCTS_DIR; };
		14C4D6AA1EF505F200969989 /* main.m */ = {isa = PBXFileReference; lastKnownFileType = sourcecode.c.objc; path = main.m; sourceTree = "<group>"; };
		14C4D6AC1EF505F200969989 /* AppDelegate.h */ = {isa = PBXFileReference; lastKnownFileType = sourcecode.c.h; path = AppDelegate.h; sourceTree = "<group>"; };
		14C4D6AD1EF505F200969989 /* AppDelegate.m */ = {isa = PBXFileReference; lastKnownFileType = sourcecode.c.objc; path = AppDelegate.m; sourceTree = "<group>"; };
		14C4D6AF1EF505F200969989 /* ViewController.h */ = {isa = PBXFileReference; lastKnownFileType = sourcecode.c.h; path = ViewController.h; sourceTree = "<group>"; };
		14C4D6B01EF505F200969989 /* ViewController.m */ = {isa = PBXFileReference; lastKnownFileType = sourcecode.c.objc; path = ViewController.m; sourceTree = "<group>"; };
		14C4D6B31EF505F200969989 /* Base */ = {isa = PBXFileReference; lastKnownFileType = file.storyboard; name = Base; path = Base.lproj/Main.storyboard; sourceTree = "<group>"; };
		14C4D6B51EF505F200969989 /* Assets.xcassets */ = {isa = PBXFileReference; lastKnownFileType = folder.assetcatalog; path = Assets.xcassets; sourceTree = "<group>"; };
		14C4D6B81EF505F200969989 /* Base */ = {isa = PBXFileReference; lastKnownFileType = file.storyboard; name = Base; path = Base.lproj/LaunchScreen.storyboard; sourceTree = "<group>"; };
		14C4D6BA1EF505F200969989 /* Info.plist */ = {isa = PBXFileReference; lastKnownFileType = text.plist.xml; path = Info.plist; sourceTree = "<group>"; };
		14C4D6C01EF5074100969989 /* VCRoot.h */ = {isa = PBXFileReference; fileEncoding = 4; lastKnownFileType = sourcecode.c.h; path = VCRoot.h; sourceTree = "<group>"; };
		14C4D6C11EF5074100969989 /* VCRoot.m */ = {isa = PBXFileReference; fileEncoding = 4; lastKnownFileType = sourcecode.c.objc; path = VCRoot.m; sourceTree = "<group>"; };
/* End PBXFileReference section */

/* Begin PBXFrameworksBuildPhase section */
		14C4D6A31EF505F200969989 /* Frameworks */ = {
			isa = PBXFrameworksBuildPhase;
			buildActionMask = 2147483647;
			files = (
			);
			runOnlyForDeploymentPostprocessing = 0;
		};
/* End PBXFrameworksBuildPhase section */

/* Begin PBXGroup section */
		14C4D69D1EF505F200969989 = {
			isa = PBXGroup;
			children = (
				14C4D6A81EF505F200969989 /* ProjectManager */,
				14C4D6A71EF505F200969989 /* Products */,
			);
			sourceTree = "<group>";
		};
		14C4D6A71EF505F200969989 /* Products */ = {
			isa = PBXGroup;
			children = (
				14C4D6A61EF505F200969989 /* ProjectManager.app */,
			);
			name = Products;
			sourceTree = "<group>";
		};
		14C4D6A81EF505F200969989 /* ProjectManager */ = {
			isa = PBXGroup;
			children = (
				14C4D6AC1EF505F200969989 /* AppDelegate.h */,
				14C4D6AD1EF505F200969989 /* AppDelegate.m */,
				14C4D6AF1EF505F200969989 /* ViewController.h */,
				14C4D6B01EF505F200969989 /* ViewController.m */,
				14C4D6C01EF5074100969989 /* VCRoot.h */,
				14C4D6C11EF5074100969989 /* VCRoot.m */,
				14C4D6B21EF505F200969989 /* Main.storyboard */,
				14C4D6B51EF505F200969989 /* Assets.xcassets */,
				14C4D6B71EF505F200969989 /* LaunchScreen.storyboard */,
				14C4D6BA1EF505F200969989 /* Info.plist */,
				14C4D6A91EF505F200969989 /* Supporting Files */,
			);
			path = ProjectManager;
			sourceTree = "<group>";
		};
		14C4D6A91EF505F200969989 /* Supporting Files */ = {
			isa = PBXGroup;
			children = (
				14C4D6AA1EF505F200969989 /* main.m */,
			);
			name = "Supporting Files";
			sourceTree = "<group>";
		};
/* End PBXGroup section */

/* Begin PBXNativeTarget section */
		14C4D6A51EF505F200969989 /* ProjectManager */ = {
			isa = PBXNativeTarget;
			buildConfigurationList = 14C4D6BD1EF505F200969989 /* Build configuration list for PBXNativeTarget "ProjectManager" */;
			buildPhases = (
				14C4D6A21EF505F200969989 /* Sources */,
				14C4D6A31EF505F200969989 /* Frameworks */,
				14C4D6A41EF505F200969989 /* Resources */,
			);
			buildRules = (
			);
			dependencies = (
			);
			name = ProjectManager;
			productName = ProjectManager;
			productReference = 14C4D6A61EF505F200969989 /* ProjectManager.app */;
			productType = "com.apple.product-type.application";
		};
/* End PBXNativeTarget section */

/* Begin PBXProject section */
		14C4D69E1EF505F200969989 /* Project object */ = {
			isa = PBXProject;
			attributes = {
				LastUpgradeCheck = 0720;
				ORGANIZATIONNAME = xy;
				TargetAttributes = {
					14C4D6A51EF505F200969989 = {
						CreatedOnToolsVersion = 7.2;
						DevelopmentTeam = 7M2QNN53A6;
					};
				};
			};
			buildConfigurationList = 14C4D6A11EF505F200969989 /* Build configuration list for PBXProject "ProjectManager" */;
			compatibilityVersion = "Xcode 3.2";
			developmentRegion = English;
			hasScannedForEncodings = 0;
			knownRegions = (
				en,
				Base,
			);
			mainGroup = 14C4D69D1EF505F200969989;
			productRefGroup = 14C4D6A71EF505F200969989 /* Products */;
			projectDirPath = "";
			projectRoot = "";
			targets = (
				14C4D6A51EF505F200969989 /* ProjectManager */,
			);
		};
/* End PBXProject section */

/* Begin PBXResourcesBuildPhase section */
		14C4D6A41EF505F200969989 /* Resources */ = {
			isa = PBXResourcesBuildPhase;
			buildActionMask = 2147483647;
			files = (
				14C4D6B91EF505F200969989 /* LaunchScreen.storyboard in Resources */,
				14C4D6B61EF505F200969989 /* Assets.xcassets in Resources */,
				14C4D6B41EF505F200969989 /* Main.storyboard in Resources */,
			);
			runOnlyForDeploymentPostprocessing = 0;
		};
/* End PBXResourcesBuildPhase section */

/* Begin PBXSourcesBuildPhase section */
		14C4D6A21EF505F200969989 /* Sources */ = {
			isa = PBXSourcesBuildPhase;
			buildActionMask = 2147483647;
			files = (
				14C4D6C21EF5074100969989 /* VCRoot.m in Sources */,
				14C4D6B11EF505F200969989 /* ViewController.m in Sources */,
				14C4D6AE1EF505F200969989 /* AppDelegate.m in Sources */,
				14C4D6AB1EF505F200969989 /* main.m in Sources */,
			);
			runOnlyForDeploymentPostprocessing = 0;
		};
/* End PBXSourcesBuildPhase section */

/* Begin PBXVariantGroup section */
		14C4D6B21EF505F200969989 /* Main.storyboard */ = {
			isa = PBXVariantGroup;
			children = (
				14C4D6B31EF505F200969989 /* Base */,
			);
			name = Main.storyboard;
			sourceTree = "<group>";
		};
		14C4D6B71EF505F200969989 /* LaunchScreen.storyboard */ = {
			isa = PBXVariantGroup;
			children = (
				14C4D6B81EF505F200969989 /* Base */,
			);
			name = LaunchScreen.storyboard;
			sourceTree = "<group>";
		};
/* End PBXVariantGroup section */

/* Begin XCBuildConfiguration section */
		14C4D6BB1EF505F200969989 /* Debug */ = {
			isa = XCBuildConfiguration;
			buildSettings = {
				ALWAYS_SEARCH_USER_PATHS = NO;
				CLANG_CXX_LANGUAGE_STANDARD = "gnu++0x";
				CLANG_CXX_LIBRARY = "libc++";
				CLANG_ENABLE_MODULES = YES;
				CLANG_ENABLE_OBJC_ARC = YES;
				CLANG_WARN_BOOL_CONVERSION = YES;
				CLANG_WARN_CONSTANT_CONVERSION = YES;
				CLANG_WARN_DIRECT_OBJC_ISA_USAGE = YES_ERROR;
				CLANG_WARN_EMPTY_BODY = YES;
				CLANG_WARN_ENUM_CONVERSION = YES;
				CLANG_WARN_INT_CONVERSION = YES;
				CLANG_WARN_OBJC_ROOT_CLASS = YES_ERROR;
				CLANG_WARN_UNREACHABLE_CODE = YES;
				CLANG_WARN__DUPLICATE_METHOD_MATCH = YES;
				"CODE_SIGN_IDENTITY[sdk=iphoneos*]" = "iPhone Developer";
				COPY_PHASE_STRIP = NO;
				DEBUG_INFORMATION_FORMAT = dwarf;
				ENABLE_STRICT_OBJC_MSGSEND = YES;
				ENABLE_TESTABILITY = YES;
				GCC_C_LANGUAGE_STANDARD = gnu99;
				GCC_DYNAMIC_NO_PIC = NO;
				GCC_NO_COMMON_BLOCKS = YES;
				GCC_OPTIMIZATION_LEVEL = 0;
				GCC_PREPROCESSOR_DEFINITIONS = (
					"DEBUG=1",
					"$(inherited)",
				);
				GCC_WARN_64_TO_32_BIT_CONVERSION = YES;
				GCC_WARN_ABOUT_RETURN_TYPE = YES_ERROR;
				GCC_WARN_UNDECLARED_SELECTOR = YES;
				GCC_WARN_UNINITIALIZED_AUTOS = YES_AGGRESSIVE;
				GCC_WARN_UNUSED_FUNCTION = YES;
				GCC_WARN_UNUSED_VARIABLE = YES;
				IPHONEOS_DEPLOYMENT_TARGET = 9.2;
				MTL_ENABLE_DEBUG_INFO = YES;
				ONLY_ACTIVE_ARCH = YES;
				SDKROOT = iphoneos;
				TARGETED_DEVICE_FAMILY = "1,2";
			};
			name = Debug;
		};
		14C4D6BC1EF505F200969989 /* Release */ = {
			isa = XCBuildConfiguration;
			buildSettings = {
				ALWAYS_SEARCH_USER_PATHS = NO;
				CLANG_CXX_LANGUAGE_STANDARD = "gnu++0x";
				CLANG_CXX_LIBRARY = "libc++";
				CLANG_ENABLE_MODULES = YES;
				CLANG_ENABLE_OBJC_ARC = YES;
				CLANG_WARN_BOOL_CONVERSION = YES;
				CLANG_WARN_CONSTANT_CONVERSION = YES;
				CLANG_WARN_DIRECT_OBJC_ISA_USAGE = YES_ERROR;
				CLANG_WARN_EMPTY_BODY = YES;
				CLANG_WARN_ENUM_CONVERSION = YES;
				CLANG_WARN_INT_CONVERSION = YES;
				CLANG_WARN_OBJC_ROOT_CLASS = YES_ERROR;
				CLANG_WARN_UNREACHABLE_CODE = YES;
				CLANG_WARN__DUPLICATE_METHOD_MATCH = YES;
				"CODE_SIGN_IDENTITY[sdk=iphoneos*]" = "iPhone Developer";
				COPY_PHASE_STRIP = NO;
				DEBUG_INFORMATION_FORMAT = "dwarf-with-dsym";
				ENABLE_NS_ASSERTIONS = NO;
				ENABLE_STRICT_OBJC_MSGSEND = YES;
				GCC_C_LANGUAGE_STANDARD = gnu99;
				GCC_NO_COMMON_BLOCKS = YES;
				GCC_WARN_64_TO_32_BIT_CONVERSION = YES;
				GCC_WARN_ABOUT_RETURN_TYPE = YES_ERROR;
				GCC_WARN_UNDECLARED_SELECTOR = YES;
				GCC_WARN_UNINITIALIZED_AUTOS = YES_AGGRESSIVE;
				GCC_WARN_UNUSED_FUNCTION = YES;
				GCC_WARN_UNUSED_VARIABLE = YES;
				IPHONEOS_DEPLOYMENT_TARGET = 9.2;
				MTL_ENABLE_DEBUG_INFO = NO;
				SDKROOT = iphoneos;
				TARGETED_DEVICE_FAMILY = "1,2";
				VALIDATE_PRODUCT = YES;
			};
			name = Release;
		};
		14C4D6BE1EF505F200969989 /* Debug */ = {
			isa = XCBuildConfiguration;
			buildSettings = {
				ASSETCATALOG_COMPILER_APPICON_NAME = AppIcon;
				INFOPLIST_FILE = ProjectManager/Info.plist;
				LD_RUNPATH_SEARCH_PATHS = "$(inherited) @executable_path/Frameworks";
				PRODUCT_BUNDLE_IDENTIFIER = cheyenne.com.ProjectManager;
				PRODUCT_NAME = "$(TARGET_NAME)";
			};
			name = Debug;
		};
		14C4D6BF1EF505F200969989 /* Release */ = {
			isa = XCBuildConfiguration;
			buildSettings = {
				ASSETCATALOG_COMPILER_APPICON_NAME = AppIcon;
				INFOPLIST_FILE = ProjectManager/Info.plist;
				LD_RUNPATH_SEARCH_PATHS = "$(inherited) @executable_path/Frameworks";
				PRODUCT_BUNDLE_IDENTIFIER = cheyenne.com.ProjectManager;
				PRODUCT_NAME = "$(TARGET_NAME)";
			};
			name = Release;
		};
/* End XCBuildConfiguration section */

/* Begin XCConfigurationList section */
		14C4D6A11EF505F200969989 /* Build configuration list for PBXProject "ProjectManager" */ = {
			isa = XCConfigurationList;
			buildConfigurations = (
				14C4D6BB1EF505F200969989 /* Debug */,
				14C4D6BC1EF505F200969989 /* Release */,
			);
			defaultConfigurationIsVisible = 0;
			defaultConfigurationName = Release;
		};
		14C4D6BD1EF505F200969989 /* Build configuration list for PBXNativeTarget "ProjectManager" */ = {
			isa = XCConfigurationList;
			buildConfigurations = (
				14C4D6BE1EF505F200969989 /* Debug */,
				14C4D6BF1EF505F200969989 /* Release */,
			);
			defaultConfigurationIsVisible = 0;
		};
/* End XCConfigurationList section */
	};
	rootObject = 14C4D69E1EF505F200969989 /* Project object */;
}
